
Microsoft Visual Studio Solution File, Format Version 12.00
# Visual Studio Version 17
VisualStudioVersion = 17.0.32112.339
MinimumVisualStudioVersion = 10.0.40219.1
Project("{9A19103F-16F7-4668-BE54-9A1E7A4F7556}") = "SuperAdventure", "SuperAdventureRedux\SuperAdventure.csproj", "{07610BEE-7477-4762-B6AE-3540C2B8246B}"
EndProject
Project("{FAE04EC0-301F-11D3-BF4B-00C04F79EFBC}") = "Engine", "Engine\Engine.csproj", "{B6E1E6D6-A1CC-48FB-BB4C-E002A11774F3}"
EndProject
Global
	GlobalSection(SolutionConfigurationPlatforms) = preSolution
		Debug|Any CPU = Debug|Any CPU
		Release|Any CPU = Release|Any CPU
	EndGlobalSection
	GlobalSection(ProjectConfigurationPlatforms) = postSolution
		{07610BEE-7477-4762-B6AE-3540C2B8246B}.Debug|Any CPU.ActiveCfg = Debug|Any CPU
		{07610BEE-7477-4762-B6AE-3540C2B8246B}.Debug|Any CPU.Build.0 = Debug|Any CPU
		{07610BEE-7477-4762-B6AE-3540C2B8246B}.Release|Any CPU.ActiveCfg = Release|Any CPU
		{07610BEE-7477-4762-B6AE-3540C2B8246B}.Release|Any CPU.Build.0 = Release|Any CPU
		{B6E1E6D6-A1CC-48FB-BB4C-E002A11774F3}.Debug|Any CPU.ActiveCfg = Debug|Any CPU
		{B6E1E6D6-A1CC-48FB-BB4C-E002A11774F3}.Debug|Any CPU.Build.0 = Debug|Any CPU
		{B6E1E6D6-A1CC-48FB-BB4C-E002A11774F3}.Release|Any CPU.ActiveCfg = Release|Any CPU
		{B6E1E6D6-A1CC-48FB-BB4C-E002A11774F3}.Release|Any CPU.Build.0 = Release|Any CPU
	EndGlobalSection
	GlobalSection(SolutionProperties) = preSolution
		HideSolutionNode = FALSE
	EndGlobalSection
	GlobalSection(ExtensibilityGlobals) = postSolution
		SolutionGuid = {45554C2D-BE4E-4FB7-A4CB-20700AE653E5}
	EndGlobalSection
EndGlobal
